
Microsoft Visual Studio Solution File, Format Version 12.00
# Visual Studio Version 17
VisualStudioVersion = 17.4.33213.308
MinimumVisualStudioVersion = 10.0.40219.1
Project("{2150E333-8FDC-42A3-9474-1A3956D46DE8}") = "src", "src", "{126889F9-0F74-4A88-9430-5FEAF2EE2CFE}"
EndProject
Project("{2150E333-8FDC-42A3-9474-1A3956D46DE8}") = "Services", "Services", "{47312638-A697-40F1-B409-202FEB56F812}"
EndProject
Project("{2150E333-8FDC-42A3-9474-1A3956D46DE8}") = "Web", "Web", "{6D9EEBA7-E754-4A25-B32C-802202D8229B}"
EndProject
Project("{9A19103F-16F7-4668-BE54-9A1E7A4F7556}") = "SimpleERP.API", "SimpleERP.API\SimpleERP.API.csproj", "{93A8D51F-59CA-47ED-90A7-ADC323FB58BF}"
EndProject
Project("{9A19103F-16F7-4668-BE54-9A1E7A4F7556}") = "SimpleERP.MVC", "SimpleERP.MVC\SimpleERP.MVC.csproj", "{63B14099-B4CD-44DE-9031-DF78F1FF91EF}"
EndProject
Global
	GlobalSection(SolutionConfigurationPlatforms) = preSolution
		Debug|Any CPU = Debug|Any CPU
		Release|Any CPU = Release|Any CPU
	EndGlobalSection
	GlobalSection(ProjectConfigurationPlatforms) = postSolution
		{93A8D51F-59CA-47ED-90A7-ADC323FB58BF}.Debug|Any CPU.ActiveCfg = Debug|Any CPU
		{93A8D51F-59CA-47ED-90A7-ADC323FB58BF}.Debug|Any CPU.Build.0 = Debug|Any CPU
		{93A8D51F-59CA-47ED-90A7-ADC323FB58BF}.Release|Any CPU.ActiveCfg = Release|Any CPU
		{93A8D51F-59CA-47ED-90A7-ADC323FB58BF}.Release|Any CPU.Build.0 = Release|Any CPU
		{63B14099-B4CD-44DE-9031-DF78F1FF91EF}.Debug|Any CPU.ActiveCfg = Debug|Any CPU
		{63B14099-B4CD-44DE-9031-DF78F1FF91EF}.Debug|Any CPU.Build.0 = Debug|Any CPU
		{63B14099-B4CD-44DE-9031-DF78F1FF91EF}.Release|Any CPU.ActiveCfg = Release|Any CPU
		{63B14099-B4CD-44DE-9031-DF78F1FF91EF}.Release|Any CPU.Build.0 = Release|Any CPU
	EndGlobalSection
	GlobalSection(SolutionProperties) = preSolution
		HideSolutionNode = FALSE
	EndGlobalSection
	GlobalSection(NestedProjects) = preSolution
		{47312638-A697-40F1-B409-202FEB56F812} = {126889F9-0F74-4A88-9430-5FEAF2EE2CFE}
		{6D9EEBA7-E754-4A25-B32C-802202D8229B} = {126889F9-0F74-4A88-9430-5FEAF2EE2CFE}
		{93A8D51F-59CA-47ED-90A7-ADC323FB58BF} = {47312638-A697-40F1-B409-202FEB56F812}
		{63B14099-B4CD-44DE-9031-DF78F1FF91EF} = {6D9EEBA7-E754-4A25-B32C-802202D8229B}
	EndGlobalSection
	GlobalSection(ExtensibilityGlobals) = postSolution
		SolutionGuid = {19542BE0-3309-43EA-BEAF-D4049F67DB80}
	EndGlobalSection
EndGlobal
